
Microsoft Visual Studio Solution File, Format Version 12.00
# Visual Studio Version 17
VisualStudioVersion = 17.13.35931.197
MinimumVisualStudioVersion = 10.0.40219.1
Project("{FAE04EC0-301F-11D3-BF4B-00C04F79EFBC}") = "WormReads.DataAccess", "WormReads.DataAccess\WormReads.DataAccess.csproj", "{11ACD400-DEB8-4235-9CC1-E79F628A7BD4}"
EndProject
Project("{FAE04EC0-301F-11D3-BF4B-00C04F79EFBC}") = "WormReads.Models", "WormReads.Models\WormReads.Models.csproj", "{CA4B6C2E-406A-4B38-B937-C7223ECE36B3}"
EndProject
Project("{FAE04EC0-301F-11D3-BF4B-00C04F79EFBC}") = "WormReads.Application", "WormReads.Application\WormReads.Application.csproj", "{7D3CEF0C-736B-4CAF-97AC-E5567341193F}"
EndProject
Project("{FAE04EC0-301F-11D3-BF4B-00C04F79EFBC}") = "WormReads", "WormReads\WormReads.csproj", "{4B16062E-DB95-8570-8650-50AA73827B48}"
EndProject
Global
	GlobalSection(SolutionConfigurationPlatforms) = preSolution
		Debug|Any CPU = Debug|Any CPU
		Release|Any CPU = Release|Any CPU
	EndGlobalSection
	GlobalSection(ProjectConfigurationPlatforms) = postSolution
		{11ACD400-DEB8-4235-9CC1-E79F628A7BD4}.Debug|Any CPU.ActiveCfg = Debug|Any CPU
		{11ACD400-DEB8-4235-9CC1-E79F628A7BD4}.Debug|Any CPU.Build.0 = Debug|Any CPU
		{11ACD400-DEB8-4235-9CC1-E79F628A7BD4}.Release|Any CPU.ActiveCfg = Release|Any CPU
		{11ACD400-DEB8-4235-9CC1-E79F628A7BD4}.Release|Any CPU.Build.0 = Release|Any CPU
		{CA4B6C2E-406A-4B38-B937-C7223ECE36B3}.Debug|Any CPU.ActiveCfg = Debug|Any CPU
		{CA4B6C2E-406A-4B38-B937-C7223ECE36B3}.Debug|Any CPU.Build.0 = Debug|Any CPU
		{CA4B6C2E-406A-4B38-B937-C7223ECE36B3}.Release|Any CPU.ActiveCfg = Release|Any CPU
		{CA4B6C2E-406A-4B38-B937-C7223ECE36B3}.Release|Any CPU.Build.0 = Release|Any CPU
		{7D3CEF0C-736B-4CAF-97AC-E5567341193F}.Debug|Any CPU.ActiveCfg = Debug|Any CPU
		{7D3CEF0C-736B-4CAF-97AC-E5567341193F}.Debug|Any CPU.Build.0 = Debug|Any CPU
		{7D3CEF0C-736B-4CAF-97AC-E5567341193F}.Release|Any CPU.ActiveCfg = Release|Any CPU
		{7D3CEF0C-736B-4CAF-97AC-E5567341193F}.Release|Any CPU.Build.0 = Release|Any CPU
		{4B16062E-DB95-8570-8650-50AA73827B48}.Debug|Any CPU.ActiveCfg = Debug|Any CPU
		{4B16062E-DB95-8570-8650-50AA73827B48}.Debug|Any CPU.Build.0 = Debug|Any CPU
		{4B16062E-DB95-8570-8650-50AA73827B48}.Release|Any CPU.ActiveCfg = Release|Any CPU
		{4B16062E-DB95-8570-8650-50AA73827B48}.Release|Any CPU.Build.0 = Release|Any CPU
	EndGlobalSection
	GlobalSection(SolutionProperties) = preSolution
		HideSolutionNode = FALSE
	EndGlobalSection
	GlobalSection(ExtensibilityGlobals) = postSolution
		SolutionGuid = {8E00C944-3BAB-42FC-9A36-DA1EEF2A9BCE}
	EndGlobalSection
EndGlobal
